// !$*UTF8*$!
{
	archiveVersion = 1;
	classes = {
	};
	objectVersion = 77;
	objects = {

/* Begin PBXContainerItemProxy section */
		70D2BFD02EA97136002A76B6 /* PBXContainerItemProxy */ = {
			isa = PBXContainerItemProxy;
			containerPortal = 70D2BFBA2EA97134002A76B6 /* Project object */;
			proxyType = 1;
			remoteGlobalIDString = 70D2BFC12EA97134002A76B6;
			remoteInfo = Snowflakes;
		};
		70D2BFDA2EA97136002A76B6 /* PBXContainerItemProxy */ = {
			isa = PBXContainerItemProxy;
			containerPortal = 70D2BFBA2EA97134002A76B6 /* Project object */;
			proxyType = 1;
			remoteGlobalIDString = 70D2BFC12EA97134002A76B6;
			remoteInfo = Snowflakes;
		};
/* End PBXContainerItemProxy section */

/* Begin PBXFileReference section */
		70D2BFC22EA97134002A76B6 /* Snowflakes.app */ = {isa = PBXFileReference; explicitFileType = wrapper.application; includeInIndex = 0; path = Snowflakes.app; sourceTree = BUILT_PRODUCTS_DIR; };
		70D2BFCF2EA97136002A76B6 /* SnowflakesTests.xctest */ = {isa = PBXFileReference; explicitFileType = wrapper.cfbundle; includeInIndex = 0; path = SnowflakesTests.xctest; sourceTree = BUILT_PRODUCTS_DIR; };
		70D2BFD92EA97136002A76B6 /* SnowflakesUITests.xctest */ = {isa = PBXFileReference; explicitFileType = wrapper.cfbundle; includeInIndex = 0; path = SnowflakesUITests.xctest; sourceTree = BUILT_PRODUCTS_DIR; };
/* End PBXFileReference section */

/* Begin PBXFileSystemSynchronizedRootGroup section */
		70D2BFC42EA97134002A76B6 /* Snowflakes */ = {
			isa = PBXFileSystemSynchronizedRootGroup;
			path = Snowflakes;
			sourceTree = "<group>";
		};
		70D2BFD22EA97136002A76B6 /* SnowflakesTests */ = {
			isa = PBXFileSystemSynchronizedRootGroup;
			path = SnowflakesTests;
			sourceTree = "<group>";
		};
		70D2BFDC2EA97136002A76B6 /* SnowflakesUITests */ = {
			isa = PBXFileSystemSynchronizedRootGroup;
			path = SnowflakesUITests;
			sourceTree = "<group>";
		};
/* End PBXFileSystemSynchronizedRootGroup section */

/* Begin PBXFrameworksBuildPhase section */
		70D2BFBF2EA97134002A76B6 /* Frameworks */ = {
			isa = PBXFrameworksBuildPhase;
			buildActionMask = 2147483647;
			files = (
			);
			runOnlyForDeploymentPostprocessing = 0;
		};
		70D2BFCC2EA97136002A76B6 /* Frameworks */ = {
			isa = PBXFrameworksBuildPhase;
			buildActionMask = 2147483647;
			files = (
			);
			runOnlyForDeploymentPostprocessing = 0;
		};
		70D2BFD62EA97136002A76B6 /* Frameworks */ = {
			isa = PBXFrameworksBuildPhase;
			buildActionMask = 2147483647;
			files = (
			);
			runOnlyForDeploymentPostprocessing = 0;
		};
/* End PBXFrameworksBuildPhase section */

/* Begin PBXGroup section */
		70D2BFB92EA97134002A76B6 = {
			isa = PBXGroup;
			children = (
				70D2BFC42EA97134002A76B6 /* Snowflakes */,
				70D2BFD22EA97136002A76B6 /* SnowflakesTests */,
				70D2BFDC2EA97136002A76B6 /* SnowflakesUITests */,
				70D2BFC32EA97134002A76B6 /* Products */,
			);
			sourceTree = "<group>";
		};
		70D2BFC32EA97134002A76B6 /* Products */ = {
			isa = PBXGroup;
			children = (
				70D2BFC22EA97134002A76B6 /* Snowflakes.app */,
				70D2BFCF2EA97136002A76B6 /* SnowflakesTests.xctest */,
				70D2BFD92EA97136002A76B6 /* SnowflakesUITests.xctest */,
			);
			name = Products;
			sourceTree = "<group>";
		};
/* End PBXGroup section */

/* Begin PBXNativeTarget section */
		70D2BFC12EA97134002A76B6 /* Snowflakes */ = {
			isa = PBXNativeTarget;
			buildConfigurationList = 70D2BFE32EA97136002A76B6 /* Build configuration list for PBXNativeTarget "Snowflakes" */;
			buildPhases = (
				70D2BFBE2EA97134002A76B6 /* Sources */,
				70D2BFBF2EA97134002A76B6 /* Frameworks */,
				70D2BFC02EA97134002A76B6 /* Resources */,
			);
			buildRules = (
			);
			dependencies = (
			);
			fileSystemSynchronizedGroups = (
				70D2BFC42EA97134002A76B6 /* Snowflakes */,
			);
			name = Snowflakes;
			packageProductDependencies = (
			);
			productName = Snowflakes;
			productReference = 70D2BFC22EA97134002A76B6 /* Snowflakes.app */;
			productType = "com.apple.product-type.application";
		};
		70D2BFCE2EA97136002A76B6 /* SnowflakesTests */ = {
			isa = PBXNativeTarget;
			buildConfigurationList = 70D2BFE62EA97136002A76B6 /* Build configuration list for PBXNativeTarget "SnowflakesTests" */;
			buildPhases = (
				70D2BFCB2EA97136002A76B6 /* Sources */,
				70D2BFCC2EA97136002A76B6 /* Frameworks */,
				70D2BFCD2EA97136002A76B6 /* Resources */,
			);
			buildRules = (
			);
			dependencies = (
				70D2BFD12EA97136002A76B6 /* PBXTargetDependency */,
			);
			fileSystemSynchronizedGroups = (
				70D2BFD22EA97136002A76B6 /* SnowflakesTests */,
			);
			name = SnowflakesTests;
			packageProductDependencies = (
			);
			productName = SnowflakesTests;
			productReference = 70D2BFCF2EA97136002A76B6 /* SnowflakesTests.xctest */;
			productType = "com.apple.product-type.bundle.unit-test";
		};
		70D2BFD82EA97136002A76B6 /* SnowflakesUITests */ = {
			isa = PBXNativeTarget;
			buildConfigurationList = 70D2BFE92EA97136002A76B6 /* Build configuration list for PBXNativeTarget "SnowflakesUITests" */;
			buildPhases = (
				70D2BFD52EA97136002A76B6 /* Sources */,
				70D2BFD62EA97136002A76B6 /* Frameworks */,
				70D2BFD72EA97136002A76B6 /* Resources */,
			);
			buildRules = (
			);
			dependencies = (
				70D2BFDB2EA97136002A76B6 /* PBXTargetDependency */,
			);
			fileSystemSynchronizedGroups = (
				70D2BFDC2EA97136002A76B6 /* SnowflakesUITests */,
			);
			name = SnowflakesUITests;
			packageProductDependencies = (
			);
			productName = SnowflakesUITests;
			productReference = 70D2BFD92EA97136002A76B6 /* SnowflakesUITests.xctest */;
			productType = "com.apple.product-type.bundle.ui-testing";
		};
/* End PBXNativeTarget section */

/* Begin PBXProject section */
		70D2BFBA2EA97134002A76B6 /* Project object */ = {
			isa = PBXProject;
			attributes = {
				BuildIndependentTargetsInParallel = 1;
				LastSwiftUpdateCheck = 2600;
				LastUpgradeCheck = 2600;
				TargetAttributes = {
					70D2BFC12EA97134002A76B6 = {
						CreatedOnToolsVersion = 26.0.1;
					};
					70D2BFCE2EA97136002A76B6 = {
						CreatedOnToolsVersion = 26.0.1;
						TestTargetID = 70D2BFC12EA97134002A76B6;
					};
					70D2BFD82EA97136002A76B6 = {
						CreatedOnToolsVersion = 26.0.1;
						TestTargetID = 70D2BFC12EA97134002A76B6;
					};
				};
			};
			buildConfigurationList = 70D2BFBD2EA97134002A76B6 /* Build configuration list for PBXProject "Snowflakes" */;
			developmentRegion = en;
			hasScannedForEncodings = 0;
			knownRegions = (
				en,
				Base,
			);
			mainGroup = 70D2BFB92EA97134002A76B6;
			minimizedProjectReferenceProxies = 1;
			preferredProjectObjectVersion = 77;
			productRefGroup = 70D2BFC32EA97134002A76B6 /* Products */;
			projectDirPath = "";
			projectRoot = "";
			targets = (
				70D2BFC12EA97134002A76B6 /* Snowflakes */,
				70D2BFCE2EA97136002A76B6 /* SnowflakesTests */,
				70D2BFD82EA97136002A76B6 /* SnowflakesUITests */,
			);
		};
/* End PBXProject section */

/* Begin PBXResourcesBuildPhase section */
		70D2BFC02EA97134002A76B6 /* Resources */ = {
			isa = PBXResourcesBuildPhase;
			buildActionMask = 2147483647;
			files = (
			);
			runOnlyForDeploymentPostprocessing = 0;
		};
		70D2BFCD2EA97136002A76B6 /* Resources */ = {
			isa = PBXResourcesBuildPhase;
			buildActionMask = 2147483647;
			files = (
			);
			runOnlyForDeploymentPostprocessing = 0;
		};
		70D2BFD72EA97136002A76B6 /* Resources */ = {
			isa = PBXResourcesBuildPhase;
			buildActionMask = 2147483647;
			files = (
			);
			runOnlyForDeploymentPostprocessing = 0;
		};
/* End PBXResourcesBuildPhase section */

/* Begin PBXSourcesBuildPhase section */
		70D2BFBE2EA97134002A76B6 /* Sources */ = {
			isa = PBXSourcesBuildPhase;
			buildActionMask = 2147483647;
			files = (
			);
			runOnlyForDeploymentPostprocessing = 0;
		};
		70D2BFCB2EA97136002A76B6 /* Sources */ = {
			isa = PBXSourcesBuildPhase;
			buildActionMask = 2147483647;
			files = (
			);
			runOnlyForDeploymentPostprocessing = 0;
		};
		70D2BFD52EA97136002A76B6 /* Sources */ = {
			isa = PBXSourcesBuildPhase;
			buildActionMask = 2147483647;
			files = (
			);
			runOnlyForDeploymentPostprocessing = 0;
		};
/* End PBXSourcesBuildPhase section */

/* Begin PBXTargetDependency section */
		70D2BFD12EA97136002A76B6 /* PBXTargetDependency */ = {
			isa = PBXTargetDependency;
			target = 70D2BFC12EA97134002A76B6 /* Snowflakes */;
			targetProxy = 70D2BFD02EA97136002A76B6 /* PBXContainerItemProxy */;
		};
		70D2BFDB2EA97136002A76B6 /* PBXTargetDependency */ = {
			isa = PBXTargetDependency;
			target = 70D2BFC12EA97134002A76B6 /* Snowflakes */;
			targetProxy = 70D2BFDA2EA97136002A76B6 /* PBXContainerItemProxy */;
		};
/* End PBXTargetDependency section */

/* Begin XCBuildConfiguration section */
		70D2BFE12EA97136002A76B6 /* Debug */ = {
			isa = XCBuildConfiguration;
			buildSettings = {
				ALWAYS_SEARCH_USER_PATHS = NO;
				ASSETCATALOG_COMPILER_GENERATE_SWIFT_ASSET_SYMBOL_EXTENSIONS = YES;
				CLANG_ANALYZER_NONNULL = YES;
				CLANG_ANALYZER_NUMBER_OBJECT_CONVERSION = YES_AGGRESSIVE;
				CLANG_CXX_LANGUAGE_STANDARD = "gnu++20";
				CLANG_ENABLE_MODULES = YES;
				CLANG_ENABLE_OBJC_ARC = YES;
				CLANG_ENABLE_OBJC_WEAK = YES;
				CLANG_WARN_BLOCK_CAPTURE_AUTORELEASING = YES;
				CLANG_WARN_BOOL_CONVERSION = YES;
				CLANG_WARN_COMMA = YES;
				CLANG_WARN_CONSTANT_CONVERSION = YES;
				CLANG_WARN_DEPRECATED_OBJC_IMPLEMENTATIONS = YES;
				CLANG_WARN_DIRECT_OBJC_ISA_USAGE = YES_ERROR;
				CLANG_WARN_DOCUMENTATION_COMMENTS = YES;
				CLANG_WARN_EMPTY_BODY = YES;
				CLANG_WARN_ENUM_CONVERSION = YES;
				CLANG_WARN_INFINITE_RECURSION = YES;
				CLANG_WARN_INT_CONVERSION = YES;
				CLANG_WARN_NON_LITERAL_NULL_CONVERSION = YES;
				CLANG_WARN_OBJC_IMPLICIT_RETAIN_SELF = YES;
				CLANG_WARN_OBJC_LITERAL_CONVERSION = YES;
				CLANG_WARN_OBJC_ROOT_CLASS = YES_ERROR;
				CLANG_WARN_QUOTED_INCLUDE_IN_FRAMEWORK_HEADER = YES;
				CLANG_WARN_RANGE_LOOP_ANALYSIS = YES;
				CLANG_WARN_STRICT_PROTOTYPES = YES;
				CLANG_WARN_SUSPICIOUS_MOVE = YES;
				CLANG_WARN_UNGUARDED_AVAILABILITY = YES_AGGRESSIVE;
				CLANG_WARN_UNREACHABLE_CODE = YES;
				CLANG_WARN__DUPLICATE_METHOD_MATCH = YES;
				COPY_PHASE_STRIP = NO;
				DEBUG_INFORMATION_FORMAT = dwarf;
				DEVELOPMENT_TEAM = 4B9JB9B2KQ;
				ENABLE_STRICT_OBJC_MSGSEND = YES;
				ENABLE_TESTABILITY = YES;
				ENABLE_USER_SCRIPT_SANDBOXING = YES;
				GCC_C_LANGUAGE_STANDARD = gnu17;
				GCC_DYNAMIC_NO_PIC = NO;
				GCC_NO_COMMON_BLOCKS = YES;
				GCC_OPTIMIZATION_LEVEL = 0;
				GCC_PREPROCESSOR_DEFINITIONS = (
					"DEBUG=1",
					"$(inherited)",
				);
				GCC_WARN_64_TO_32_BIT_CONVERSION = YES;
				GCC_WARN_ABOUT_RETURN_TYPE = YES_ERROR;
				GCC_WARN_UNDECLARED_SELECTOR = YES;
				GCC_WARN_UNINITIALIZED_AUTOS = YES_AGGRESSIVE;
				GCC_WARN_UNUSED_FUNCTION = YES;
				GCC_WARN_UNUSED_VARIABLE = YES;
				LOCALIZATION_PREFERS_STRING_CATALOGS = YES;
				MACOSX_DEPLOYMENT_TARGET = 26.0;
				MTL_ENABLE_DEBUG_INFO = INCLUDE_SOURCE;
				MTL_FAST_MATH = YES;
				ONLY_ACTIVE_ARCH = YES;
				SDKROOT = macosx;
				SWIFT_ACTIVE_COMPILATION_CONDITIONS = "DEBUG $(inherited)";
				SWIFT_OPTIMIZATION_LEVEL = "-Onone";
			};
			name = Debug;
		};
		70D2BFE22EA97136002A76B6 /* Release */ = {
			isa = XCBuildConfiguration;
			buildSettings = {
				ALWAYS_SEARCH_USER_PATHS = NO;
				ASSETCATALOG_COMPILER_GENERATE_SWIFT_ASSET_SYMBOL_EXTENSIONS = YES;
				CLANG_ANALYZER_NONNULL = YES;
				CLANG_ANALYZER_NUMBER_OBJECT_CONVERSION = YES_AGGRESSIVE;
				CLANG_CXX_LANGUAGE_STANDARD = "gnu++20";
				CLANG_ENABLE_MODULES = YES;
				CLANG_ENABLE_OBJC_ARC = YES;
				CLANG_ENABLE_OBJC_WEAK = YES;
				CLANG_WARN_BLOCK_CAPTURE_AUTORELEASING = YES;
				CLANG_WARN_BOOL_CONVERSION = YES;
				CLANG_WARN_COMMA = YES;
				CLANG_WARN_CONSTANT_CONVERSION = YES;
				CLANG_WARN_DEPRECATED_OBJC_IMPLEMENTATIONS = YES;
				CLANG_WARN_DIRECT_OBJC_ISA_USAGE = YES_ERROR;
				CLANG_WARN_DOCUMENTATION_COMMENTS = YES;
				CLANG_WARN_EMPTY_BODY = YES;
				CLANG_WARN_ENUM_CONVERSION = YES;
				CLANG_WARN_INFINITE_RECURSION = YES;
				CLANG_WARN_INT_CONVERSION = YES;
				CLANG_WARN_NON_LITERAL_NULL_CONVERSION = YES;
				CLANG_WARN_OBJC_IMPLICIT_RETAIN_SELF = YES;
				CLANG_WARN_OBJC_LITERAL_CONVERSION = YES;
				CLANG_WARN_OBJC_ROOT_CLASS = YES_ERROR;
				CLANG_WARN_QUOTED_INCLUDE_IN_FRAMEWORK_HEADER = YES;
				CLANG_WARN_RANGE_LOOP_ANALYSIS = YES;
				CLANG_WARN_STRICT_PROTOTYPES = YES;
				CLANG_WARN_SUSPICIOUS_MOVE = YES;
				CLANG_WARN_UNGUARDED_AVAILABILITY = YES_AGGRESSIVE;
				CLANG_WARN_UNREACHABLE_CODE = YES;
				CLANG_WARN__DUPLICATE_METHOD_MATCH = YES;
				COPY_PHASE_STRIP = NO;
				DEBUG_INFORMATION_FORMAT = "dwarf-with-dsym";
				DEVELOPMENT_TEAM = 4B9JB9B2KQ;
				ENABLE_NS_ASSERTIONS = NO;
				ENABLE_STRICT_OBJC_MSGSEND = YES;
				ENABLE_USER_SCRIPT_SANDBOXING = YES;
				GCC_C_LANGUAGE_STANDARD = gnu17;
				GCC_NO_COMMON_BLOCKS = YES;
				GCC_WARN_64_TO_32_BIT_CONVERSION = YES;
				GCC_WARN_ABOUT_RETURN_TYPE = YES_ERROR;
				GCC_WARN_UNDECLARED_SELECTOR = YES;
				GCC_WARN_UNINITIALIZED_AUTOS = YES_AGGRESSIVE;
				GCC_WARN_UNUSED_FUNCTION = YES;
				GCC_WARN_UNUSED_VARIABLE = YES;
				LOCALIZATION_PREFERS_STRING_CATALOGS = YES;
				MACOSX_DEPLOYMENT_TARGET = 26.0;
				MTL_ENABLE_DEBUG_INFO = NO;
				MTL_FAST_MATH = YES;
				SDKROOT = macosx;
				SWIFT_COMPILATION_MODE = wholemodule;
			};
			name = Release;
		};
		70D2BFE42EA97136002A76B6 /* Debug */ = {
			isa = XCBuildConfiguration;
			buildSettings = {
				ASSETCATALOG_COMPILER_APPICON_NAME = AppIcon;
				ASSETCATALOG_COMPILER_GLOBAL_ACCENT_COLOR_NAME = AccentColor;
				CODE_SIGN_STYLE = Automatic;
				COMBINE_HIDPI_IMAGES = YES;
				CURRENT_PROJECT_VERSION = 1;
				DEVELOPMENT_TEAM = 4B9JB9B2KQ;
				ENABLE_APP_SANDBOX = YES;
				ENABLE_HARDENED_RUNTIME = YES;
				ENABLE_PREVIEWS = YES;
				ENABLE_USER_SELECTED_FILES = readonly;
				GENERATE_INFOPLIST_FILE = YES;
				INFOPLIST_KEY_NSHumanReadableCopyright = "";
				LD_RUNPATH_SEARCH_PATHS = (
					"$(inherited)",
					"@executable_path/../Frameworks",
				);
				MARKETING_VERSION = 1.0;
				PRODUCT_BUNDLE_IDENTIFIER = sereda.Snowflakes;
				PRODUCT_NAME = "$(TARGET_NAME)";
				REGISTER_APP_GROUPS = YES;
				STRING_CATALOG_GENERATE_SYMBOLS = YES;
				SWIFT_APPROACHABLE_CONCURRENCY = YES;
				SWIFT_DEFAULT_ACTOR_ISOLATION = MainActor;
				SWIFT_EMIT_LOC_STRINGS = YES;
				SWIFT_UPCOMING_FEATURE_MEMBER_IMPORT_VISIBILITY = YES;
				SWIFT_VERSION = 5.0;
			};
			name = Debug;
		};
		70D2BFE52EA97136002A76B6 /* Release */ = {
			isa = XCBuildConfiguration;
			buildSettings = {
				ASSETCATALOG_COMPILER_APPICON_NAME = AppIcon;
				ASSETCATALOG_COMPILER_GLOBAL_ACCENT_COLOR_NAME = AccentColor;
				CODE_SIGN_STYLE = Automatic;
				COMBINE_HIDPI_IMAGES = YES;
				CURRENT_PROJECT_VERSION = 1;
				DEVELOPMENT_TEAM = 4B9JB9B2KQ;
				ENABLE_APP_SANDBOX = YES;
				ENABLE_HARDENED_RUNTIME = YES;
				ENABLE_PREVIEWS = YES;
				ENABLE_USER_SELECTED_FILES = readonly;
				GENERATE_INFOPLIST_FILE = YES;
				INFOPLIST_KEY_NSHumanReadableCopyright = "";
				LD_RUNPATH_SEARCH_PATHS = (
					"$(inherited)",
					"@executable_path/../Frameworks",
				);
				MARKETING_VERSION = 1.0;
				PRODUCT_BUNDLE_IDENTIFIER = sereda.Snowflakes;
				PRODUCT_NAME = "$(TARGET_NAME)";
				REGISTER_APP_GROUPS = YES;
				STRING_CATALOG_GENERATE_SYMBOLS = YES;
				SWIFT_APPROACHABLE_CONCURRENCY = YES;
				SWIFT_DEFAULT_ACTOR_ISOLATION = MainActor;
				SWIFT_EMIT_LOC_STRINGS = YES;
				SWIFT_UPCOMING_FEATURE_MEMBER_IMPORT_VISIBILITY = YES;
				SWIFT_VERSION = 5.0;
			};
			name = Release;
		};
		70D2BFE72EA97136002A76B6 /* Debug */ = {
			isa = XCBuildConfiguration;
			buildSettings = {
				BUNDLE_LOADER = "$(TEST_HOST)";
				CODE_SIGN_STYLE = Automatic;
				CURRENT_PROJECT_VERSION = 1;
				DEVELOPMENT_TEAM = 4B9JB9B2KQ;
				GENERATE_INFOPLIST_FILE = YES;
				MACOSX_DEPLOYMENT_TARGET = 26.0;
				MARKETING_VERSION = 1.0;
				PRODUCT_BUNDLE_IDENTIFIER = sereda.SnowflakesTests;
				PRODUCT_NAME = "$(TARGET_NAME)";
				STRING_CATALOG_GENERATE_SYMBOLS = NO;
				SWIFT_APPROACHABLE_CONCURRENCY = YES;
				SWIFT_EMIT_LOC_STRINGS = NO;
				SWIFT_UPCOMING_FEATURE_MEMBER_IMPORT_VISIBILITY = YES;
				SWIFT_VERSION = 5.0;
				TEST_HOST = "$(BUILT_PRODUCTS_DIR)/Snowflakes.app/$(BUNDLE_EXECUTABLE_FOLDER_PATH)/Snowflakes";
			};
			name = Debug;
		};
		70D2BFE82EA97136002A76B6 /* Release */ = {
			isa = XCBuildConfiguration;
			buildSettings = {
				BUNDLE_LOADER = "$(TEST_HOST)";
				CODE_SIGN_STYLE = Automatic;
				CURRENT_PROJECT_VERSION = 1;
				DEVELOPMENT_TEAM = 4B9JB9B2KQ;
				GENERATE_INFOPLIST_FILE = YES;
				MACOSX_DEPLOYMENT_TARGET = 26.0;
				MARKETING_VERSION = 1.0;
				PRODUCT_BUNDLE_IDENTIFIER = sereda.SnowflakesTests;
				PRODUCT_NAME = "$(TARGET_NAME)";
				STRING_CATALOG_GENERATE_SYMBOLS = NO;
				SWIFT_APPROACHABLE_CONCURRENCY = YES;
				SWIFT_EMIT_LOC_STRINGS = NO;
				SWIFT_UPCOMING_FEATURE_MEMBER_IMPORT_VISIBILITY = YES;
				SWIFT_VERSION = 5.0;
				TEST_HOST = "$(BUILT_PRODUCTS_DIR)/Snowflakes.app/$(BUNDLE_EXECUTABLE_FOLDER_PATH)/Snowflakes";
			};
			name = Release;
		};
		70D2BFEA2EA97136002A76B6 /* Debug */ = {
			isa = XCBuildConfiguration;
			buildSettings = {
				CODE_SIGN_STYLE = Automatic;
				CURRENT_PROJECT_VERSION = 1;
				DEVELOPMENT_TEAM = 4B9JB9B2KQ;
				GENERATE_INFOPLIST_FILE = YES;
				MARKETING_VERSION = 1.0;
				PRODUCT_BUNDLE_IDENTIFIER = sereda.SnowflakesUITests;
				PRODUCT_NAME = "$(TARGET_NAME)";
				STRING_CATALOG_GENERATE_SYMBOLS = NO;
				SWIFT_APPROACHABLE_CONCURRENCY = YES;
				SWIFT_EMIT_LOC_STRINGS = NO;
				SWIFT_UPCOMING_FEATURE_MEMBER_IMPORT_VISIBILITY = YES;
				SWIFT_VERSION = 5.0;
				TEST_TARGET_NAME = Snowflakes;
			};
			name = Debug;
		};
		70D2BFEB2EA97136002A76B6 /* Release */ = {
			isa = XCBuildConfiguration;
			buildSettings = {
				CODE_SIGN_STYLE = Automatic;
				CURRENT_PROJECT_VERSION = 1;
				DEVELOPMENT_TEAM = 4B9JB9B2KQ;
				GENERATE_INFOPLIST_FILE = YES;
				MARKETING_VERSION = 1.0;
				PRODUCT_BUNDLE_IDENTIFIER = sereda.SnowflakesUITests;
				PRODUCT_NAME = "$(TARGET_NAME)";
				STRING_CATALOG_GENERATE_SYMBOLS = NO;
				SWIFT_APPROACHABLE_CONCURRENCY = YES;
				SWIFT_EMIT_LOC_STRINGS = NO;
				SWIFT_UPCOMING_FEATURE_MEMBER_IMPORT_VISIBILITY = YES;
				SWIFT_VERSION = 5.0;
				TEST_TARGET_NAME = Snowflakes;
			};
			name = Release;
		};
/* End XCBuildConfiguration section */

/* Begin XCConfigurationList section */
		70D2BFBD2EA97134002A76B6 /* Build configuration list for PBXProject "Snowflakes" */ = {
			isa = XCConfigurationList;
			buildConfigurations = (
				70D2BFE12EA97136002A76B6 /* Debug */,
				70D2BFE22EA97136002A76B6 /* Release */,
			);
			defaultConfigurationIsVisible = 0;
			defaultConfigurationName = Release;
		};
		70D2BFE32EA97136002A76B6 /* Build configuration list for PBXNativeTarget "Snowflakes" */ = {
			isa = XCConfigurationList;
			buildConfigurations = (
				70D2BFE42EA97136002A76B6 /* Debug */,
				70D2BFE52EA97136002A76B6 /* Release */,
			);
			defaultConfigurationIsVisible = 0;
			defaultConfigurationName = Release;
		};
		70D2BFE62EA97136002A76B6 /* Build configuration list for PBXNativeTarget "SnowflakesTests" */ = {
			isa = XCConfigurationList;
			buildConfigurations = (
				70D2BFE72EA97136002A76B6 /* Debug */,
				70D2BFE82EA97136002A76B6 /* Release */,
			);
			defaultConfigurationIsVisible = 0;
			defaultConfigurationName = Release;
		};
		70D2BFE92EA97136002A76B6 /* Build configuration list for PBXNativeTarget "SnowflakesUITests" */ = {
			isa = XCConfigurationList;
			buildConfigurations = (
				70D2BFEA2EA97136002A76B6 /* Debug */,
				70D2BFEB2EA97136002A76B6 /* Release */,
			);
			defaultConfigurationIsVisible = 0;
			defaultConfigurationName = Release;
		};
/* End XCConfigurationList section */
	};
	rootObject = 70D2BFBA2EA97134002A76B6 /* Project object */;
}
